{
  "originHash" : "5e42eb9392be6cbe6daa96d2089f018b5bde09562ddc43e676fe51f6c321e53d",
  "pins" : [
    {
      "identity" : "alamofire",
      "kind" : "remoteSourceControl",
      "location" : "https://github.com/ZhassulanAimukhambetov/Alamofire.git",
      "state" : {
        "branch" : "master",
        "revision" : "984a8fa0971b21ec4caa22218bd96b69902f1ab2"
      }
    }
  ],
  "version" : 3
}
