{
  "originHash" : "5ce6290273da39eefeb067d7895743c24175f9492b6c8e20d8891f98ed37abf0",
  "pins" : [
    {
      "identity" : "alamofire",
      "kind" : "remoteSourceControl",
      "location" : "https://github.com/Alamofire/Alamofire.git",
      "state" : {
        "revision" : "f455c2975872ccd2d9c81594c658af65716e9b9a",
        "version" : "5.9.1"
      }
    }
  ],
  "version" : 3
}
