{
  "originHash" : "b3f168e303cb286c97c21d9d81142ee2749b3586e8ec799afc26a0dc46cd3005",
  "pins" : [
    {
      "identity" : "alamofire",
      "kind" : "remoteSourceControl",
      "location" : "https://github.com/ZhassulanAimukhambetov/Alamofire.git",
      "state" : {
        "branch" : "master",
        "revision" : "46249e016881b96846025ed8c2e5045a822af3fe"
      }
    }
  ],
  "version" : 3
}
